
Microsoft Visual Studio Solution File, Format Version 12.00
# Visual Studio Version 17
VisualStudioVersion = 17.3.32922.545
MinimumVisualStudioVersion = 10.0.40219.1
Project("{FAE04EC0-301F-11D3-BF4B-00C04F79EFBC}") = "find-path", "find-path\find-path.csproj", "{11781D2C-6415-43AD-8F99-64C31752ADA7}"
EndProject
Global
	GlobalSection(SolutionConfigurationPlatforms) = preSolution
		Debug|Any CPU = Debug|Any CPU
		Release|Any CPU = Release|Any CPU
	EndGlobalSection
	GlobalSection(ProjectConfigurationPlatforms) = postSolution
		{11781D2C-6415-43AD-8F99-64C31752ADA7}.Debug|Any CPU.ActiveCfg = Debug|Any CPU
		{11781D2C-6415-43AD-8F99-64C31752ADA7}.Debug|Any CPU.Build.0 = Debug|Any CPU
		{11781D2C-6415-43AD-8F99-64C31752ADA7}.Release|Any CPU.ActiveCfg = Release|Any CPU
		{11781D2C-6415-43AD-8F99-64C31752ADA7}.Release|Any CPU.Build.0 = Release|Any CPU
	EndGlobalSection
	GlobalSection(SolutionProperties) = preSolution
		HideSolutionNode = FALSE
	EndGlobalSection
	GlobalSection(ExtensibilityGlobals) = postSolution
		SolutionGuid = {1D43423E-E3A1-4AAC-A887-DC920E99DA30}
	EndGlobalSection
EndGlobal
